{
  "version": 4,
  "terraform_version": "1.5.0",
  "serial": 2634,
  "lineage": "3195ed2a-c29e-81f9-2386-8ad7fc79070d",
  "outputs": {},
  "resources": [
    {
      "mode": "data",
      "type": "azurerm_client_config",
      "name": "current",
      "provider": "provider[\"registry.terraform.io/hashicorp/azurerm\"]",
      "instances": [
        {
          "schema_version": 0,
          "attributes": {
            "client_id": "383d583a-17db-4779-8a5f-f7249056638c",
            "id": "Y2xpZW50Q29uZmlncy9jbGllbnRJZD0zODNkNTgzYS0xN2RiLTQ3NzktOGE1Zi1mNzI0OTA1NjYzOGM7b2JqZWN0SWQ9NWMwYmIyOTEtYTliMi00OWMwLWI3NDctY2M5YTU2NDkzYmVhO3N1YnNjcmlwdGlvbklkPWI1ZDNjNjE3LTMwNDYtNDMwYy05OGUzLTI1ODJmNTk0ZmNhZjt0ZW5hbnRJZD1jMzdiNmY5Yy1kODgzLTRhMTgtODJlZS02NjgxZjk2NzZiNWY=",
            "object_id": "5c0bb291-a9b2-49c0-b747-cc9a56493bea",
            "subscription_id": "b5d3c617-3046-430c-98e3-2582f594fcaf",
            "tenant_id": "c37b6f9c-d883-4a18-82ee-6681f9676b5f",
            "timeouts": null
          },
          "sensitive_attributes": []
        }
      ]
    },
    {
      "mode": "data",
      "type": "azurerm_subscription",
      "name": "primary",
      "provider": "provider[\"registry.terraform.io/hashicorp/azurerm\"]",
      "instances": [
        {
          "schema_version": 0,
          "attributes": {
            "display_name": "Pay-As-You-Go",
            "id": "/subscriptions/b5d3c617-3046-430c-98e3-2582f594fcaf",
            "location_placement_id": "Public_2014-09-01",
            "quota_id": "PayAsYouGo_2014-09-01",
            "spending_limit": "Off",
            "state": "Enabled",
            "subscription_id": "b5d3c617-3046-430c-98e3-2582f594fcaf",
            "tags": {},
            "tenant_id": "c37b6f9c-d883-4a18-82ee-6681f9676b5f",
            "timeouts": null
          },
          "sensitive_attributes": []
        }
      ]
    },
    {
      "mode": "managed",
      "type": "azurerm_kubernetes_cluster",
      "name": "aks_cluster",
      "provider": "provider[\"registry.terraform.io/hashicorp/azurerm\"]",
      "instances": [
        {
          "schema_version": 2,
          "attributes": {
            "aci_connector_linux": [],
            "api_server_access_profile": [
              {
                "authorized_ip_ranges": [],
                "subnet_id": "",
                "vnet_integration_enabled": false
              }
            ],
            "api_server_authorized_ip_ranges": [],
            "auto_scaler_profile": [
              {
                "balance_similar_node_groups": false,
                "empty_bulk_delete_max": "10",
                "expander": "random",
                "max_graceful_termination_sec": "600",
                "max_node_provisioning_time": "15m",
                "max_unready_nodes": 3,
                "max_unready_percentage": 45,
                "new_pod_scale_up_delay": "0s",
                "scale_down_delay_after_add": "10m",
                "scale_down_delay_after_delete": "10s",
                "scale_down_delay_after_failure": "3m",
                "scale_down_unneeded": "10m",
                "scale_down_unready": "20m",
                "scale_down_utilization_threshold": "0.5",
                "scan_interval": "10s",
                "skip_nodes_with_local_storage": false,
                "skip_nodes_with_system_pods": true
              }
            ],
            "automatic_channel_upgrade": "",
            "azure_active_directory_role_based_access_control": [
              {
                "admin_group_object_ids": [
                  "d5e94646-2bb4-4d7d-bbe7-017efe8d043e"
                ],
                "azure_rbac_enabled": true,
                "client_app_id": "",
                "managed": true,
                "server_app_id": "",
                "server_app_secret": "",
                "tenant_id": "c37b6f9c-d883-4a18-82ee-6681f9676b5f"
              }
            ],
            "azure_policy_enabled": true,
            "confidential_computing": [],
            "default_node_pool": [
              {
                "capacity_reservation_group_id": "",
                "custom_ca_trust_enabled": false,
                "enable_auto_scaling": true,
                "enable_host_encryption": false,
                "enable_node_public_ip": false,
                "fips_enabled": false,
                "host_group_id": "",
                "kubelet_config": [],
                "kubelet_disk_type": "OS",
                "linux_os_config": [],
                "max_count": 3,
                "max_pods": 32,
                "message_of_the_day": "",
                "min_count": 1,
                "name": "default",
                "node_count": 3,
                "node_labels": {},
                "node_network_profile": [],
                "node_public_ip_prefix_id": "",
                "node_taints": null,
                "only_critical_addons_enabled": true,
                "orchestrator_version": "1.25.6",
                "os_disk_size_gb": 30,
                "os_disk_type": "Managed",
                "os_sku": "Ubuntu",
                "pod_subnet_id": "/subscriptions/b5d3c617-3046-430c-98e3-2582f594fcaf/resourceGroups/aks-rg/providers/Microsoft.Network/virtualNetworks/aks-vnet/subnets/default_pod_pool",
                "proximity_placement_group_id": "",
                "scale_down_mode": "Delete",
                "tags": null,
                "temporary_name_for_rotation": "",
                "type": "VirtualMachineScaleSets",
                "ultra_ssd_enabled": false,
                "upgrade_settings": [],
                "vm_size": "Standard_B2s",
                "vnet_subnet_id": "/subscriptions/b5d3c617-3046-430c-98e3-2582f594fcaf/resourceGroups/aks-rg/providers/Microsoft.Network/virtualNetworks/aks-vnet/subnets/default-node-pool",
                "workload_runtime": "",
                "zones": [
                  "1",
                  "2",
                  "3"
                ]
              }
            ],
            "disk_encryption_set_id": "",
            "dns_prefix": "aks-cluster",
            "dns_prefix_private_cluster": "",
            "edge_zone": "",
            "enable_pod_security_policy": false,
            "fqdn": "",
            "http_application_routing_enabled": false,
            "http_application_routing_zone_name": "",
            "http_proxy_config": [],
            "id": "/subscriptions/b5d3c617-3046-430c-98e3-2582f594fcaf/resourceGroups/aks-rg/providers/Microsoft.ContainerService/managedClusters/aks-cluster",
            "identity": [
              {
                "identity_ids": [
                  "/subscriptions/b5d3c617-3046-430c-98e3-2582f594fcaf/resourceGroups/aks-rg/providers/Microsoft.ManagedIdentity/userAssignedIdentities/aks-cluster-identity"
                ],
                "principal_id": "",
                "tenant_id": "",
                "type": "UserAssigned"
              }
            ],
            "image_cleaner_enabled": false,
            "image_cleaner_interval_hours": 48,
            "ingress_application_gateway": [],
            "key_management_service": [],
            "key_vault_secrets_provider": [],
            "kube_admin_config": [],
            "kube_admin_config_raw": "",
            "kube_config": [
              {
                "client_certificate": "",
                "client_key": "",
                "cluster_ca_certificate": "LS0tLS1CRUdJTiBDRVJUSUZJQ0FURS0tLS0tCk1JSUU2RENDQXRDZ0F3SUJBZ0lRQ0xmOWZ0Y2ZjZEpFRjEwSm5hamQyekFOQmdrcWhraUc5dzBCQVFzRkFEQU4KTVFzd0NRWURWUVFERXdKallUQWdGdzB5TXpBMk1Ua3dNek0zTWpKYUdBOHlNRFV6TURZeE9UQXpORGN5TWxvdwpEVEVMTUFrR0ExVUVBeE1DWTJFd2dnSWlNQTBHQ1NxR1NJYjNEUUVCQVFVQUE0SUNEd0F3Z2dJS0FvSUNBUURhCkNjeERHZDI1V0IyZEZXNjF0UUN2RnQ2S2hucEE2OUVPREp2Y3pWMTVCUGpQRnBtVXBGdWhqYmhuYVBVWXN1aUEKWW9xS3k2ZjhNcXArTVhsVVM3K1dCcjJkQ1BZSkJvazdtdFlhUzBOeExDZ25sWnBYZWt3QXZDQ05QTG43NkY4MApJdEhKQUxRY2V1dmJ2Q3NPUjlucTJPOVQ4RXVpSUlRK1dKbDBtM3lSQjdpU3VIRThUSHB0Y3ljaEt1cVBMaVZqCjdNcXNaaFlLaStYbk4yelpOS2FweHVJR0d0ZFQ0M0E0dDEwRjdxOCtrUmJXbFN6KzI1MVVScXdudjlJN04rT1YKQkM5d0tsSjB6UXp1NHFoRzF1MnRHNy9kUGUzS3dST3cxbm0vam9HVjFHTC9aTnpXOGhlVlVZcXhBaXpTT2dSYwpXZ2N1NE1BSndvQUlTWWNjR2Z3SjNsZ1d0K1UyaVdyd0QzY21lclhDVEdtUnZjcnpjRXViR2wrUlh2ZUtZVEJwCmRBZ0pPSHBmdzJOR3I3RFVtTHdCaEdnZ04xZW0vditJMzFpdE1BNUlTay9TTzZmWTcwSTFXSFhtS2FERjZGWVAKRUM3Z2pLWEV2cFU3dllQMXVKN1VXSG04b1g4cjQ2Qk9BaWJNcUVTTE9CWUpqMjh4MDhlSSt2MTlzL2c0bFpDcQp5anFqTnVnenVOUllyNGtMSGRsajZFbE1MdVA3MjdWajQxbHIvZ0hVbU5lMjgxZ0NGVEZLQXh1NWlRbVpQdlZ0CnJSVG5PR1JNdmJXRkVVM3hlMncxaHJSQUhvcWQrSEtGRHR5QS83UThETEIrR0QrY1h0dUp0cldva3dPdUJ1WmQKWkpuc21xNmV4ejZvc0laT3Exbk1tdVQ2V0NteFVNL1RBNzh3VVFVR0FRSURBUUFCbzBJd1FEQU9CZ05WSFE4QgpBZjhFQkFNQ0FxUXdEd1lEVlIwVEFRSC9CQVV3QXdFQi96QWRCZ05WSFE0RUZnUVVrak42Ky9rQUZkalE4L3NVCkp4b2tJa0Zpa2Nzd0RRWUpLb1pJaHZjTkFRRUxCUUFEZ2dJQkFGWC9ucE9DclZpNVFpNkMyN01WcUZxVXJOZ2YKVlE0cEZZNkdoejA2dStXNWpWbjFrbkNibno5aHQ5NUZMOTlZdmY1QVVHdnhYVFhnOElWQkczOE0xRlJqMklYTApKUFc3RC8xOUpEOUFBNkZCSHRxVkMrU2xRZlZaY25Ea0VsVnZ6WHJzK1dDR0FHL3loQlc1REpMaGhPckpZYXNaCjR1Y2FXaC9KUXRtdVE1bGpjS295N0ZycUxEb3VURDRVYmkwNU5WSkFYVnZqZGNkSjJMVXVQMlRwSmtQMm1aR1kKMEVBdEo0VnMvNmJibEw4a2pxM0lLNU9GUzRvNXg5T2Rpak9QVFN5cmFVS1lOQldvK25TclZtWVRIOGVxYW5CSwpRSkF6SDRmYndQMzZsZCtWM2pCR2hWWHVmQmEwMGJFamVOQXJSSVREa2thbjhaUXUzdkNTZXZGUmlXRXJWNUxMCitPWEhrOEhWK2lXc1A0TDYzMjgrQmM5YVpqb1R2QTVWRE85cVQ4VmhycDZQUmdXcUt4dWFDRFNVeXFVbysvY0QKdEEzZUVrZGtCRUlHcDFaRWVFSFo1N2dHbk0xYWQyaUVxYkZWckRBNWhZemtKbkNUSkdvMm9LU0g0eWtWZ3VrNApxdUdqUkZTRFVqQ2cyUmpOQmpOUUN4RkdkWlVqZHlpRjFPVVNhUjBNdWlvaHlBV1hTSDdpNWZ1QngvUzFBWmJQCnk3MjIvMy9uaFZVQUQzeFNLZkQySFFXYW5jaHBhWTgrZWc5VW1kUXpnYzBtaGZPMUlMa3piRzJCSWtvSHNCU28KV3hVMVZpaEo3dGhvZFppejl3NmpQYTJvdGlZbzlIUVoxY1ppRStneDRBd3NqSWR0OGtURC9ybWJTT1BQYnRVMwo0d2lGajdlTnd4UmV0ZE1sCi0tLS0tRU5EIENFUlRJRklDQVRFLS0tLS0K",
                "host": "https://aks-cluster-7e1tqmhq.9c83daf6-f04a-4b52-bde4-0714bb57cb0e.privatelink.eastus.azmk8s.io:443",
                "password": "",
                "username": "clusterUser_aks-rg_aks-cluster"
              }
            ],
            "kube_config_raw": "apiVersion: v1\nclusters:\n- cluster:\n    certificate-authority-data: LS0tLS1CRUdJTiBDRVJUSUZJQ0FURS0tLS0tCk1JSUU2RENDQXRDZ0F3SUJBZ0lRQ0xmOWZ0Y2ZjZEpFRjEwSm5hamQyekFOQmdrcWhraUc5dzBCQVFzRkFEQU4KTVFzd0NRWURWUVFERXdKallUQWdGdzB5TXpBMk1Ua3dNek0zTWpKYUdBOHlNRFV6TURZeE9UQXpORGN5TWxvdwpEVEVMTUFrR0ExVUVBeE1DWTJFd2dnSWlNQTBHQ1NxR1NJYjNEUUVCQVFVQUE0SUNEd0F3Z2dJS0FvSUNBUURhCkNjeERHZDI1V0IyZEZXNjF0UUN2RnQ2S2hucEE2OUVPREp2Y3pWMTVCUGpQRnBtVXBGdWhqYmhuYVBVWXN1aUEKWW9xS3k2ZjhNcXArTVhsVVM3K1dCcjJkQ1BZSkJvazdtdFlhUzBOeExDZ25sWnBYZWt3QXZDQ05QTG43NkY4MApJdEhKQUxRY2V1dmJ2Q3NPUjlucTJPOVQ4RXVpSUlRK1dKbDBtM3lSQjdpU3VIRThUSHB0Y3ljaEt1cVBMaVZqCjdNcXNaaFlLaStYbk4yelpOS2FweHVJR0d0ZFQ0M0E0dDEwRjdxOCtrUmJXbFN6KzI1MVVScXdudjlJN04rT1YKQkM5d0tsSjB6UXp1NHFoRzF1MnRHNy9kUGUzS3dST3cxbm0vam9HVjFHTC9aTnpXOGhlVlVZcXhBaXpTT2dSYwpXZ2N1NE1BSndvQUlTWWNjR2Z3SjNsZ1d0K1UyaVdyd0QzY21lclhDVEdtUnZjcnpjRXViR2wrUlh2ZUtZVEJwCmRBZ0pPSHBmdzJOR3I3RFVtTHdCaEdnZ04xZW0vditJMzFpdE1BNUlTay9TTzZmWTcwSTFXSFhtS2FERjZGWVAKRUM3Z2pLWEV2cFU3dllQMXVKN1VXSG04b1g4cjQ2Qk9BaWJNcUVTTE9CWUpqMjh4MDhlSSt2MTlzL2c0bFpDcQp5anFqTnVnenVOUllyNGtMSGRsajZFbE1MdVA3MjdWajQxbHIvZ0hVbU5lMjgxZ0NGVEZLQXh1NWlRbVpQdlZ0CnJSVG5PR1JNdmJXRkVVM3hlMncxaHJSQUhvcWQrSEtGRHR5QS83UThETEIrR0QrY1h0dUp0cldva3dPdUJ1WmQKWkpuc21xNmV4ejZvc0laT3Exbk1tdVQ2V0NteFVNL1RBNzh3VVFVR0FRSURBUUFCbzBJd1FEQU9CZ05WSFE4QgpBZjhFQkFNQ0FxUXdEd1lEVlIwVEFRSC9CQVV3QXdFQi96QWRCZ05WSFE0RUZnUVVrak42Ky9rQUZkalE4L3NVCkp4b2tJa0Zpa2Nzd0RRWUpLb1pJaHZjTkFRRUxCUUFEZ2dJQkFGWC9ucE9DclZpNVFpNkMyN01WcUZxVXJOZ2YKVlE0cEZZNkdoejA2dStXNWpWbjFrbkNibno5aHQ5NUZMOTlZdmY1QVVHdnhYVFhnOElWQkczOE0xRlJqMklYTApKUFc3RC8xOUpEOUFBNkZCSHRxVkMrU2xRZlZaY25Ea0VsVnZ6WHJzK1dDR0FHL3loQlc1REpMaGhPckpZYXNaCjR1Y2FXaC9KUXRtdVE1bGpjS295N0ZycUxEb3VURDRVYmkwNU5WSkFYVnZqZGNkSjJMVXVQMlRwSmtQMm1aR1kKMEVBdEo0VnMvNmJibEw4a2pxM0lLNU9GUzRvNXg5T2Rpak9QVFN5cmFVS1lOQldvK25TclZtWVRIOGVxYW5CSwpRSkF6SDRmYndQMzZsZCtWM2pCR2hWWHVmQmEwMGJFamVOQXJSSVREa2thbjhaUXUzdkNTZXZGUmlXRXJWNUxMCitPWEhrOEhWK2lXc1A0TDYzMjgrQmM5YVpqb1R2QTVWRE85cVQ4VmhycDZQUmdXcUt4dWFDRFNVeXFVbysvY0QKdEEzZUVrZGtCRUlHcDFaRWVFSFo1N2dHbk0xYWQyaUVxYkZWckRBNWhZemtKbkNUSkdvMm9LU0g0eWtWZ3VrNApxdUdqUkZTRFVqQ2cyUmpOQmpOUUN4RkdkWlVqZHlpRjFPVVNhUjBNdWlvaHlBV1hTSDdpNWZ1QngvUzFBWmJQCnk3MjIvMy9uaFZVQUQzeFNLZkQySFFXYW5jaHBhWTgrZWc5VW1kUXpnYzBtaGZPMUlMa3piRzJCSWtvSHNCU28KV3hVMVZpaEo3dGhvZFppejl3NmpQYTJvdGlZbzlIUVoxY1ppRStneDRBd3NqSWR0OGtURC9ybWJTT1BQYnRVMwo0d2lGajdlTnd4UmV0ZE1sCi0tLS0tRU5EIENFUlRJRklDQVRFLS0tLS0K\n    server: https://aks-cluster-7e1tqmhq.9c83daf6-f04a-4b52-bde4-0714bb57cb0e.privatelink.eastus.azmk8s.io:443\n  name: aks-cluster\ncontexts:\n- context:\n    cluster: aks-cluster\n    user: clusterUser_aks-rg_aks-cluster\n  name: aks-cluster\ncurrent-context: aks-cluster\nkind: Config\npreferences: {}\nusers:\n- name: clusterUser_aks-rg_aks-cluster\n  user:\n    exec:\n      apiVersion: client.authentication.k8s.io/v1beta1\n      args:\n      - get-token\n      - --environment\n      - AzurePublicCloud\n      - --server-id\n      - 6dae42f8-4368-4678-94ff-3960e28e3630\n      - --client-id\n      - 80faf920-1908-4b52-b5ef-a8e7bedfc67a\n      - --tenant-id\n      - c37b6f9c-d883-4a18-82ee-6681f9676b5f\n      - --login\n      - devicecode\n      command: kubelogin\n      env: null\n      installHint: |2\n\n        kubelogin is not installed which is required to connect to AAD enabled cluster.\n\n        To learn more, please go to https://aka.ms/aks/kubelogin\n      provideClusterInfo: false\n",
            "kubelet_identity": [
              {
                "client_id": "9368f8ae-6dc2-4e65-b3d2-74e14b2be869",
                "object_id": "0486df76-d4a2-408e-aa28-4b1f29a87f00",
                "user_assigned_identity_id": "/subscriptions/b5d3c617-3046-430c-98e3-2582f594fcaf/resourceGroups/aks_nodes_rg/providers/Microsoft.ManagedIdentity/userAssignedIdentities/aks-cluster-agentpool"
              }
            ],
            "kubernetes_version": "1.25.6",
            "linux_profile": [],
            "local_account_disabled": true,
            "location": "eastus",
            "maintenance_window": [],
            "microsoft_defender": [
              {
                "log_analytics_workspace_id": "/subscriptions/b5d3c617-3046-430c-98e3-2582f594fcaf/resourceGroups/aks-rg/providers/Microsoft.OperationalInsights/workspaces/aks-log-analytics"
              }
            ],
            "monitor_metrics": [],
            "name": "aks-cluster",
            "network_profile": [
              {
                "dns_service_ip": "10.255.0.4",
                "docker_bridge_cidr": "",
                "ebpf_data_plane": "",
                "ip_versions": [
                  "IPv4"
                ],
                "load_balancer_profile": [
                  {
                    "effective_outbound_ips": [
                      "/subscriptions/b5d3c617-3046-430c-98e3-2582f594fcaf/resourceGroups/aks_nodes_rg/providers/Microsoft.Network/publicIPAddresses/42fa63e0-cbd7-4f61-9185-64c20855c0aa"
                    ],
                    "idle_timeout_in_minutes": 0,
                    "managed_outbound_ip_count": 1,
                    "managed_outbound_ipv6_count": 0,
                    "outbound_ip_address_ids": [],
                    "outbound_ip_prefix_ids": [],
                    "outbound_ports_allocated": 0
                  }
                ],
                "load_balancer_sku": "standard",
                "nat_gateway_profile": [],
                "network_mode": "",
                "network_plugin": "azure",
                "network_plugin_mode": "",
                "network_policy": "azure",
                "outbound_type": "loadBalancer",
                "pod_cidr": "",
                "pod_cidrs": [],
                "service_cidr": "10.255.0.0/16",
                "service_cidrs": [
                  "10.255.0.0/16"
                ]
              }
            ],
            "node_resource_group": "aks_nodes_rg",
            "node_resource_group_id": "/subscriptions/b5d3c617-3046-430c-98e3-2582f594fcaf/resourceGroups/aks_nodes_rg",
            "oidc_issuer_enabled": false,
            "oidc_issuer_url": "",
            "oms_agent": [
              {
                "log_analytics_workspace_id": "/subscriptions/b5d3c617-3046-430c-98e3-2582f594fcaf/resourceGroups/aks-rg/providers/Microsoft.OperationalInsights/workspaces/aks-log-analytics",
                "msi_auth_for_monitoring_enabled": true,
                "oms_agent_identity": []
              }
            ],
            "open_service_mesh_enabled": true,
            "portal_fqdn": "7f5865a81f443cc4c1c798e7b30c0471-priv.portal.hcp.eastus.azmk8s.io",
            "private_cluster_enabled": true,
            "private_cluster_public_fqdn_enabled": false,
            "private_dns_zone_id": "System",
            "private_fqdn": "aks-cluster-7e1tqmhq.9c83daf6-f04a-4b52-bde4-0714bb57cb0e.privatelink.eastus.azmk8s.io",
            "public_network_access_enabled": false,
            "resource_group_name": "aks-rg",
            "role_based_access_control_enabled": true,
            "run_command_enabled": false,
            "service_mesh_profile": [],
            "service_principal": [],
            "sku_tier": "Free",
            "storage_profile": [],
            "tags": null,
            "timeouts": null,
            "web_app_routing": [],
            "windows_profile": [
              {
                "admin_password": "",
                "admin_username": "azureuser",
                "gmsa": [],
                "license": ""
              }
            ],
            "workload_autoscaler_profile": [],
            "workload_identity_enabled": false
          },
          "sensitive_attributes": [],
          "private": "eyJlMmJmYjczMC1lY2FhLTExZTYtOGY4OC0zNDM2M2JjN2M0YzAiOnsiY3JlYXRlIjo1NDAwMDAwMDAwMDAwLCJkZWxldGUiOjU0MDAwMDAwMDAwMDAsInJlYWQiOjMwMDAwMDAwMDAwMCwidXBkYXRlIjo1NDAwMDAwMDAwMDAwfSwic2NoZW1hX3ZlcnNpb24iOiIyIn0=",
          "dependencies": [
            "azurerm_log_analytics_workspace.aks_log_analytics",
            "azurerm_resource_group.aks_rg",
            "azurerm_subnet.default_node_pool",
            "azurerm_subnet.default_pod_pool",
            "azurerm_user_assigned_identity.aks_cluster_identity",
            "azurerm_virtual_network.aks_vnet"
          ]
        }
      ]
    },
    {
      "mode": "managed",
      "type": "azurerm_kubernetes_cluster_node_pool",
      "name": "node_pool_1",
      "provider": "provider[\"registry.terraform.io/hashicorp/azurerm\"]",
      "instances": [
        {
          "schema_version": 1,
          "attributes": {
            "capacity_reservation_group_id": "",
            "custom_ca_trust_enabled": false,
            "enable_auto_scaling": true,
            "enable_host_encryption": false,
            "enable_node_public_ip": false,
            "eviction_policy": "",
            "fips_enabled": false,
            "host_group_id": "",
            "id": "/subscriptions/b5d3c617-3046-430c-98e3-2582f594fcaf/resourceGroups/aks-rg/providers/Microsoft.ContainerService/managedClusters/aks-cluster/agentPools/pool1",
            "kubelet_config": [],
            "kubelet_disk_type": "OS",
            "kubernetes_cluster_id": "/subscriptions/b5d3c617-3046-430c-98e3-2582f594fcaf/resourceGroups/aks-rg/providers/Microsoft.ContainerService/managedClusters/aks-cluster",
            "linux_os_config": [],
            "max_count": 3,
            "max_pods": 32,
            "message_of_the_day": "",
            "min_count": 1,
            "mode": "User",
            "name": "pool1",
            "node_count": 1,
            "node_labels": {},
            "node_network_profile": [],
            "node_public_ip_prefix_id": "",
            "node_taints": null,
            "orchestrator_version": "1.25.6",
            "os_disk_size_gb": 30,
            "os_disk_type": "Managed",
            "os_sku": "Ubuntu",
            "os_type": "Linux",
            "pod_subnet_id": "/subscriptions/b5d3c617-3046-430c-98e3-2582f594fcaf/resourceGroups/aks-rg/providers/Microsoft.Network/virtualNetworks/aks-vnet/subnets/aks-pod-subnet-1",
            "priority": "Regular",
            "proximity_placement_group_id": "",
            "scale_down_mode": "Delete",
            "snapshot_id": null,
            "spot_max_price": -1,
            "tags": {
              "Environment": "Pool1Tag"
            },
            "timeouts": null,
            "ultra_ssd_enabled": false,
            "upgrade_settings": [],
            "vm_size": "Standard_B2s",
            "vnet_subnet_id": "/subscriptions/b5d3c617-3046-430c-98e3-2582f594fcaf/resourceGroups/aks-rg/providers/Microsoft.Network/virtualNetworks/aks-vnet/subnets/aks-node-subnet-1",
            "windows_profile": [],
            "workload_runtime": null,
            "zones": [
              "1",
              "2",
              "3"
            ]
          },
          "sensitive_attributes": [],
          "private": "eyJlMmJmYjczMC1lY2FhLTExZTYtOGY4OC0zNDM2M2JjN2M0YzAiOnsiY3JlYXRlIjozNjAwMDAwMDAwMDAwLCJkZWxldGUiOjM2MDAwMDAwMDAwMDAsInJlYWQiOjMwMDAwMDAwMDAwMCwidXBkYXRlIjozNjAwMDAwMDAwMDAwfSwic2NoZW1hX3ZlcnNpb24iOiIxIn0=",
          "dependencies": [
            "azurerm_kubernetes_cluster.aks_cluster",
            "azurerm_log_analytics_workspace.aks_log_analytics",
            "azurerm_resource_group.aks_rg",
            "azurerm_subnet.default_node_pool",
            "azurerm_subnet.default_pod_pool",
            "azurerm_subnet.node_subnet_1",
            "azurerm_subnet.pod_subnet_1",
            "azurerm_user_assigned_identity.aks_cluster_identity",
            "azurerm_virtual_network.aks_vnet"
          ]
        }
      ]
    },
    {
      "mode": "managed",
      "type": "azurerm_kubernetes_cluster_node_pool",
      "name": "node_pool_2",
      "provider": "provider[\"registry.terraform.io/hashicorp/azurerm\"]",
      "instances": [
        {
          "schema_version": 1,
          "attributes": {
            "capacity_reservation_group_id": "",
            "custom_ca_trust_enabled": false,
            "enable_auto_scaling": true,
            "enable_host_encryption": false,
            "enable_node_public_ip": false,
            "eviction_policy": "",
            "fips_enabled": false,
            "host_group_id": "",
            "id": "/subscriptions/b5d3c617-3046-430c-98e3-2582f594fcaf/resourceGroups/aks-rg/providers/Microsoft.ContainerService/managedClusters/aks-cluster/agentPools/pool2",
            "kubelet_config": [],
            "kubelet_disk_type": "OS",
            "kubernetes_cluster_id": "/subscriptions/b5d3c617-3046-430c-98e3-2582f594fcaf/resourceGroups/aks-rg/providers/Microsoft.ContainerService/managedClusters/aks-cluster",
            "linux_os_config": [],
            "max_count": 3,
            "max_pods": 32,
            "message_of_the_day": "",
            "min_count": 1,
            "mode": "User",
            "name": "pool2",
            "node_count": 1,
            "node_labels": {},
            "node_network_profile": [],
            "node_public_ip_prefix_id": "",
            "node_taints": null,
            "orchestrator_version": "1.25.6",
            "os_disk_size_gb": 30,
            "os_disk_type": "Managed",
            "os_sku": "Ubuntu",
            "os_type": "Linux",
            "pod_subnet_id": "/subscriptions/b5d3c617-3046-430c-98e3-2582f594fcaf/resourceGroups/aks-rg/providers/Microsoft.Network/virtualNetworks/aks-vnet/subnets/aks-pod-subnet-2",
            "priority": "Regular",
            "proximity_placement_group_id": "",
            "scale_down_mode": "Delete",
            "snapshot_id": null,
            "spot_max_price": -1,
            "tags": {
              "Environment": "Pool2Tag"
            },
            "timeouts": null,
            "ultra_ssd_enabled": false,
            "upgrade_settings": [],
            "vm_size": "Standard_B2s",
            "vnet_subnet_id": "/subscriptions/b5d3c617-3046-430c-98e3-2582f594fcaf/resourceGroups/aks-rg/providers/Microsoft.Network/virtualNetworks/aks-vnet/subnets/aks-node-subnet-2",
            "windows_profile": [],
            "workload_runtime": null,
            "zones": [
              "1",
              "2",
              "3"
            ]
          },
          "sensitive_attributes": [],
          "private": "eyJlMmJmYjczMC1lY2FhLTExZTYtOGY4OC0zNDM2M2JjN2M0YzAiOnsiY3JlYXRlIjozNjAwMDAwMDAwMDAwLCJkZWxldGUiOjM2MDAwMDAwMDAwMDAsInJlYWQiOjMwMDAwMDAwMDAwMCwidXBkYXRlIjozNjAwMDAwMDAwMDAwfSwic2NoZW1hX3ZlcnNpb24iOiIxIn0=",
          "dependencies": [
            "azurerm_kubernetes_cluster.aks_cluster",
            "azurerm_log_analytics_workspace.aks_log_analytics",
            "azurerm_resource_group.aks_rg",
            "azurerm_subnet.default_node_pool",
            "azurerm_subnet.default_pod_pool",
            "azurerm_subnet.node_subnet_2",
            "azurerm_subnet.pod_subnet_2",
            "azurerm_user_assigned_identity.aks_cluster_identity",
            "azurerm_virtual_network.aks_vnet"
          ]
        }
      ]
    },
    {
      "mode": "managed",
      "type": "azurerm_log_analytics_workspace",
      "name": "aks_log_analytics",
      "provider": "provider[\"registry.terraform.io/hashicorp/azurerm\"]",
      "instances": [
        {
          "schema_version": 3,
          "attributes": {
            "allow_resource_only_permissions": true,
            "cmk_for_query_forced": false,
            "daily_quota_gb": -1,
            "id": "/subscriptions/b5d3c617-3046-430c-98e3-2582f594fcaf/resourceGroups/aks-rg/providers/Microsoft.OperationalInsights/workspaces/aks-log-analytics",
            "internet_ingestion_enabled": true,
            "internet_query_enabled": true,
            "local_authentication_disabled": false,
            "location": "eastus",
            "name": "aks-log-analytics",
            "primary_shared_key": "dw7Gi8xPBoLD9Wc7IwhFa5UgAe0QJcZJJPWfuDVue+lizKdjRJnOK311dW0KvRsNtWoAnfAMntWkb7VBFKvvRQ==",
            "reservation_capacity_in_gb_per_day": null,
            "resource_group_name": "aks-rg",
            "retention_in_days": 30,
            "secondary_shared_key": "dYpol/AMWY050m2fHBoGcBfeFPFYnfqzSS4qMYDGM25sQuMq9Co9YAZfq9a8cFuzFRaiBldMLY6uSFSE/j0mJA==",
            "sku": "PerGB2018",
            "tags": null,
            "timeouts": null,
            "workspace_id": "bbeb8b4a-86c0-4d1d-99bf-9f8d78173c31"
          },
          "sensitive_attributes": [],
          "private": "eyJlMmJmYjczMC1lY2FhLTExZTYtOGY4OC0zNDM2M2JjN2M0YzAiOnsiY3JlYXRlIjoxODAwMDAwMDAwMDAwLCJkZWxldGUiOjE4MDAwMDAwMDAwMDAsInJlYWQiOjMwMDAwMDAwMDAwMCwidXBkYXRlIjoxODAwMDAwMDAwMDAwfSwic2NoZW1hX3ZlcnNpb24iOiIzIn0=",
          "dependencies": [
            "azurerm_resource_group.aks_rg"
          ]
        }
      ]
    },
    {
      "mode": "managed",
      "type": "azurerm_network_security_group",
      "name": "aks_nsg",
      "provider": "provider[\"registry.terraform.io/hashicorp/azurerm\"]",
      "instances": [
        {
          "schema_version": 0,
          "attributes": {
            "id": "/subscriptions/b5d3c617-3046-430c-98e3-2582f594fcaf/resourceGroups/aks-rg/providers/Microsoft.Network/networkSecurityGroups/aks-nsg",
            "location": "eastus",
            "name": "aks-nsg",
            "resource_group_name": "aks-rg",
            "security_rule": [],
            "tags": null,
            "timeouts": null
          },
          "sensitive_attributes": [],
          "private": "eyJlMmJmYjczMC1lY2FhLTExZTYtOGY4OC0zNDM2M2JjN2M0YzAiOnsiY3JlYXRlIjoxODAwMDAwMDAwMDAwLCJkZWxldGUiOjE4MDAwMDAwMDAwMDAsInJlYWQiOjMwMDAwMDAwMDAwMCwidXBkYXRlIjoxODAwMDAwMDAwMDAwfX0=",
          "dependencies": [
            "azurerm_resource_group.aks_rg"
          ]
        }
      ]
    },
    {
      "mode": "managed",
      "type": "azurerm_network_security_rule",
      "name": "allow_pod_subnet_outbound",
      "provider": "provider[\"registry.terraform.io/hashicorp/azurerm\"]",
      "instances": [
        {
          "schema_version": 0,
          "attributes": {
            "access": "Allow",
            "description": "",
            "destination_address_prefix": "",
            "destination_address_prefixes": [
              "0.0.0.0/0"
            ],
            "destination_application_security_group_ids": null,
            "destination_port_range": "*",
            "destination_port_ranges": null,
            "direction": "Outbound",
            "id": "/subscriptions/b5d3c617-3046-430c-98e3-2582f594fcaf/resourceGroups/aks-rg/providers/Microsoft.Network/networkSecurityGroups/aks-nsg/securityRules/pod-subnet-outbound",
            "name": "pod-subnet-outbound",
            "network_security_group_name": "aks-nsg",
            "priority": 100,
            "protocol": "*",
            "resource_group_name": "aks-rg",
            "source_address_prefix": "",
            "source_address_prefixes": [
              "10.0.132.0/22",
              "10.0.136.0/22"
            ],
            "source_application_security_group_ids": null,
            "source_port_range": "*",
            "source_port_ranges": null,
            "timeouts": null
          },
          "sensitive_attributes": [],
          "private": "eyJlMmJmYjczMC1lY2FhLTExZTYtOGY4OC0zNDM2M2JjN2M0YzAiOnsiY3JlYXRlIjoxODAwMDAwMDAwMDAwLCJkZWxldGUiOjE4MDAwMDAwMDAwMDAsInJlYWQiOjMwMDAwMDAwMDAwMCwidXBkYXRlIjoxODAwMDAwMDAwMDAwfX0=",
          "dependencies": [
            "azurerm_network_security_group.aks_nsg",
            "azurerm_resource_group.aks_rg",
            "azurerm_subnet.pod_subnet_1",
            "azurerm_subnet.pod_subnet_2",
            "azurerm_virtual_network.aks_vnet"
          ]
        }
      ]
    },
    {
      "mode": "managed",
      "type": "azurerm_network_security_rule",
      "name": "allow_pod_to_pod",
      "provider": "provider[\"registry.terraform.io/hashicorp/azurerm\"]",
      "instances": [
        {
          "schema_version": 0,
          "attributes": {
            "access": "Allow",
            "description": "",
            "destination_address_prefix": "",
            "destination_address_prefixes": [
              "10.0.132.0/22",
              "10.0.136.0/22"
            ],
            "destination_application_security_group_ids": null,
            "destination_port_range": "*",
            "destination_port_ranges": null,
            "direction": "Inbound",
            "id": "/subscriptions/b5d3c617-3046-430c-98e3-2582f594fcaf/resourceGroups/aks-rg/providers/Microsoft.Network/networkSecurityGroups/aks-nsg/securityRules/pod-to-pod-inbound",
            "name": "pod-to-pod-inbound",
            "network_security_group_name": "aks-nsg",
            "priority": 100,
            "protocol": "*",
            "resource_group_name": "aks-rg",
            "source_address_prefix": "",
            "source_address_prefixes": [
              "10.0.132.0/22",
              "10.0.136.0/22"
            ],
            "source_application_security_group_ids": null,
            "source_port_range": "*",
            "source_port_ranges": null,
            "timeouts": null
          },
          "sensitive_attributes": [],
          "private": "eyJlMmJmYjczMC1lY2FhLTExZTYtOGY4OC0zNDM2M2JjN2M0YzAiOnsiY3JlYXRlIjoxODAwMDAwMDAwMDAwLCJkZWxldGUiOjE4MDAwMDAwMDAwMDAsInJlYWQiOjMwMDAwMDAwMDAwMCwidXBkYXRlIjoxODAwMDAwMDAwMDAwfX0=",
          "dependencies": [
            "azurerm_network_security_group.aks_nsg",
            "azurerm_resource_group.aks_rg",
            "azurerm_subnet.pod_subnet_1",
            "azurerm_subnet.pod_subnet_2",
            "azurerm_virtual_network.aks_vnet"
          ]
        }
      ]
    },
    {
      "mode": "managed",
      "type": "azurerm_network_security_rule",
      "name": "deny_node_to_pod_subnet",
      "provider": "provider[\"registry.terraform.io/hashicorp/azurerm\"]",
      "instances": [
        {
          "schema_version": 0,
          "attributes": {
            "access": "Deny",
            "description": "",
            "destination_address_prefix": "",
            "destination_address_prefixes": [
              "10.0.132.0/22",
              "10.0.136.0/22"
            ],
            "destination_application_security_group_ids": null,
            "destination_port_range": "*",
            "destination_port_ranges": null,
            "direction": "Inbound",
            "id": "/subscriptions/b5d3c617-3046-430c-98e3-2582f594fcaf/resourceGroups/aks-rg/providers/Microsoft.Network/networkSecurityGroups/aks-nsg/securityRules/deny-node-to-pod-subnet",
            "name": "deny-node-to-pod-subnet",
            "network_security_group_name": "aks-nsg",
            "priority": 101,
            "protocol": "*",
            "resource_group_name": "aks-rg",
            "source_address_prefix": "",
            "source_address_prefixes": [
              "10.0.124.0/27",
              "10.0.124.32/27"
            ],
            "source_application_security_group_ids": null,
            "source_port_range": "*",
            "source_port_ranges": null,
            "timeouts": null
          },
          "sensitive_attributes": [],
          "private": "eyJlMmJmYjczMC1lY2FhLTExZTYtOGY4OC0zNDM2M2JjN2M0YzAiOnsiY3JlYXRlIjoxODAwMDAwMDAwMDAwLCJkZWxldGUiOjE4MDAwMDAwMDAwMDAsInJlYWQiOjMwMDAwMDAwMDAwMCwidXBkYXRlIjoxODAwMDAwMDAwMDAwfX0=",
          "dependencies": [
            "azurerm_network_security_group.aks_nsg",
            "azurerm_resource_group.aks_rg",
            "azurerm_subnet.node_subnet_1",
            "azurerm_subnet.node_subnet_2",
            "azurerm_subnet.pod_subnet_1",
            "azurerm_subnet.pod_subnet_2",
            "azurerm_virtual_network.aks_vnet"
          ]
        }
      ]
    },
    {
      "mode": "managed",
      "type": "azurerm_network_security_rule",
      "name": "deny_pod_to_node_subnet",
      "provider": "provider[\"registry.terraform.io/hashicorp/azurerm\"]",
      "instances": [
        {
          "schema_version": 0,
          "attributes": {
            "access": "Deny",
            "description": "",
            "destination_address_prefix": "",
            "destination_address_prefixes": [
              "10.0.124.0/27",
              "10.0.124.32/27"
            ],
            "destination_application_security_group_ids": null,
            "destination_port_range": "*",
            "destination_port_ranges": null,
            "direction": "Inbound",
            "id": "/subscriptions/b5d3c617-3046-430c-98e3-2582f594fcaf/resourceGroups/aks-rg/providers/Microsoft.Network/networkSecurityGroups/aks-nsg/securityRules/deny-pod-to-node-subnet",
            "name": "deny-pod-to-node-subnet",
            "network_security_group_name": "aks-nsg",
            "priority": 102,
            "protocol": "*",
            "resource_group_name": "aks-rg",
            "source_address_prefix": "",
            "source_address_prefixes": [
              "10.0.132.0/22",
              "10.0.136.0/22"
            ],
            "source_application_security_group_ids": null,
            "source_port_range": "*",
            "source_port_ranges": null,
            "timeouts": null
          },
          "sensitive_attributes": [],
          "private": "eyJlMmJmYjczMC1lY2FhLTExZTYtOGY4OC0zNDM2M2JjN2M0YzAiOnsiY3JlYXRlIjoxODAwMDAwMDAwMDAwLCJkZWxldGUiOjE4MDAwMDAwMDAwMDAsInJlYWQiOjMwMDAwMDAwMDAwMCwidXBkYXRlIjoxODAwMDAwMDAwMDAwfX0=",
          "dependencies": [
            "azurerm_network_security_group.aks_nsg",
            "azurerm_resource_group.aks_rg",
            "azurerm_subnet.node_subnet_1",
            "azurerm_subnet.node_subnet_2",
            "azurerm_subnet.pod_subnet_1",
            "azurerm_subnet.pod_subnet_2",
            "azurerm_virtual_network.aks_vnet"
          ]
        }
      ]
    },
    {
      "mode": "managed",
      "type": "azurerm_resource_group",
      "name": "aks_rg",
      "provider": "provider[\"registry.terraform.io/hashicorp/azurerm\"]",
      "instances": [
        {
          "schema_version": 0,
          "attributes": {
            "id": "/subscriptions/b5d3c617-3046-430c-98e3-2582f594fcaf/resourceGroups/aks-rg",
            "location": "eastus",
            "name": "aks-rg",
            "tags": null,
            "timeouts": null
          },
          "sensitive_attributes": [],
          "private": "eyJlMmJmYjczMC1lY2FhLTExZTYtOGY4OC0zNDM2M2JjN2M0YzAiOnsiY3JlYXRlIjo1NDAwMDAwMDAwMDAwLCJkZWxldGUiOjU0MDAwMDAwMDAwMDAsInJlYWQiOjMwMDAwMDAwMDAwMCwidXBkYXRlIjo1NDAwMDAwMDAwMDAwfX0="
        }
      ]
    },
    {
      "mode": "managed",
      "type": "azurerm_subnet",
      "name": "aks_firewall_subnet",
      "provider": "provider[\"registry.terraform.io/hashicorp/azurerm\"]",
      "instances": [
        {
          "schema_version": 0,
          "attributes": {
            "address_prefixes": [
              "10.0.0.0/24"
            ],
            "delegation": [
              {
                "name": "name-delegation",
                "service_delegation": [
                  {
                    "actions": [
                      "Microsoft.Network/virtualNetworks/subnets/join/action"
                    ],
                    "name": "Microsoft.ContainerService/managedClusters"
                  }
                ]
              }
            ],
            "enforce_private_link_endpoint_network_policies": false,
            "enforce_private_link_service_network_policies": false,
            "id": "/subscriptions/b5d3c617-3046-430c-98e3-2582f594fcaf/resourceGroups/aks-rg/providers/Microsoft.Network/virtualNetworks/aks-vnet/subnets/aks-firewall-subnet",
            "name": "aks-firewall-subnet",
            "private_endpoint_network_policies_enabled": true,
            "private_link_service_network_policies_enabled": true,
            "resource_group_name": "aks-rg",
            "service_endpoint_policy_ids": null,
            "service_endpoints": null,
            "timeouts": null,
            "virtual_network_name": "aks-vnet"
          },
          "sensitive_attributes": [],
          "private": "eyJlMmJmYjczMC1lY2FhLTExZTYtOGY4OC0zNDM2M2JjN2M0YzAiOnsiY3JlYXRlIjoxODAwMDAwMDAwMDAwLCJkZWxldGUiOjE4MDAwMDAwMDAwMDAsInJlYWQiOjMwMDAwMDAwMDAwMCwidXBkYXRlIjoxODAwMDAwMDAwMDAwfX0=",
          "dependencies": [
            "azurerm_resource_group.aks_rg",
            "azurerm_virtual_network.aks_vnet"
          ]
        }
      ]
    },
    {
      "mode": "managed",
      "type": "azurerm_subnet",
      "name": "backend_service_subnet",
      "provider": "provider[\"registry.terraform.io/hashicorp/azurerm\"]",
      "instances": [
        {
          "schema_version": 0,
          "attributes": {
            "address_prefixes": [
              "10.0.2.0/24"
            ],
            "delegation": [
              {
                "name": "name-delegation",
                "service_delegation": [
                  {
                    "actions": [
                      "Microsoft.Network/virtualNetworks/subnets/join/action"
                    ],
                    "name": "Microsoft.ContainerService/managedClusters"
                  }
                ]
              }
            ],
            "enforce_private_link_endpoint_network_policies": false,
            "enforce_private_link_service_network_policies": false,
            "id": "/subscriptions/b5d3c617-3046-430c-98e3-2582f594fcaf/resourceGroups/aks-rg/providers/Microsoft.Network/virtualNetworks/aks-vnet/subnets/aks-backend-service-subnet",
            "name": "aks-backend-service-subnet",
            "private_endpoint_network_policies_enabled": true,
            "private_link_service_network_policies_enabled": true,
            "resource_group_name": "aks-rg",
            "service_endpoint_policy_ids": null,
            "service_endpoints": null,
            "timeouts": null,
            "virtual_network_name": "aks-vnet"
          },
          "sensitive_attributes": [],
          "private": "eyJlMmJmYjczMC1lY2FhLTExZTYtOGY4OC0zNDM2M2JjN2M0YzAiOnsiY3JlYXRlIjoxODAwMDAwMDAwMDAwLCJkZWxldGUiOjE4MDAwMDAwMDAwMDAsInJlYWQiOjMwMDAwMDAwMDAwMCwidXBkYXRlIjoxODAwMDAwMDAwMDAwfX0=",
          "dependencies": [
            "azurerm_resource_group.aks_rg",
            "azurerm_virtual_network.aks_vnet"
          ]
        }
      ]
    },
    {
      "mode": "managed",
      "type": "azurerm_subnet",
      "name": "default_node_pool",
      "provider": "provider[\"registry.terraform.io/hashicorp/azurerm\"]",
      "instances": [
        {
          "schema_version": 0,
          "attributes": {
            "address_prefixes": [
              "10.0.1.0/24"
            ],
            "delegation": [],
            "enforce_private_link_endpoint_network_policies": false,
            "enforce_private_link_service_network_policies": false,
            "id": "/subscriptions/b5d3c617-3046-430c-98e3-2582f594fcaf/resourceGroups/aks-rg/providers/Microsoft.Network/virtualNetworks/aks-vnet/subnets/default-node-pool",
            "name": "default-node-pool",
            "private_endpoint_network_policies_enabled": true,
            "private_link_service_network_policies_enabled": true,
            "resource_group_name": "aks-rg",
            "service_endpoint_policy_ids": null,
            "service_endpoints": null,
            "timeouts": null,
            "virtual_network_name": "aks-vnet"
          },
          "sensitive_attributes": [],
          "private": "eyJlMmJmYjczMC1lY2FhLTExZTYtOGY4OC0zNDM2M2JjN2M0YzAiOnsiY3JlYXRlIjoxODAwMDAwMDAwMDAwLCJkZWxldGUiOjE4MDAwMDAwMDAwMDAsInJlYWQiOjMwMDAwMDAwMDAwMCwidXBkYXRlIjoxODAwMDAwMDAwMDAwfX0=",
          "dependencies": [
            "azurerm_resource_group.aks_rg",
            "azurerm_virtual_network.aks_vnet"
          ]
        }
      ]
    },
    {
      "mode": "managed",
      "type": "azurerm_subnet",
      "name": "default_pod_pool",
      "provider": "provider[\"registry.terraform.io/hashicorp/azurerm\"]",
      "instances": [
        {
          "schema_version": 0,
          "attributes": {
            "address_prefixes": [
              "10.0.128.0/22"
            ],
            "delegation": [
              {
                "name": "name-delegation",
                "service_delegation": [
                  {
                    "actions": [
                      "Microsoft.Network/virtualNetworks/subnets/join/action"
                    ],
                    "name": "Microsoft.ContainerService/managedClusters"
                  }
                ]
              }
            ],
            "enforce_private_link_endpoint_network_policies": false,
            "enforce_private_link_service_network_policies": false,
            "id": "/subscriptions/b5d3c617-3046-430c-98e3-2582f594fcaf/resourceGroups/aks-rg/providers/Microsoft.Network/virtualNetworks/aks-vnet/subnets/default_pod_pool",
            "name": "default_pod_pool",
            "private_endpoint_network_policies_enabled": true,
            "private_link_service_network_policies_enabled": true,
            "resource_group_name": "aks-rg",
            "service_endpoint_policy_ids": null,
            "service_endpoints": null,
            "timeouts": null,
            "virtual_network_name": "aks-vnet"
          },
          "sensitive_attributes": [],
          "private": "eyJlMmJmYjczMC1lY2FhLTExZTYtOGY4OC0zNDM2M2JjN2M0YzAiOnsiY3JlYXRlIjoxODAwMDAwMDAwMDAwLCJkZWxldGUiOjE4MDAwMDAwMDAwMDAsInJlYWQiOjMwMDAwMDAwMDAwMCwidXBkYXRlIjoxODAwMDAwMDAwMDAwfX0=",
          "dependencies": [
            "azurerm_resource_group.aks_rg",
            "azurerm_virtual_network.aks_vnet"
          ]
        }
      ]
    },
    {
      "mode": "managed",
      "type": "azurerm_subnet",
      "name": "node_subnet_1",
      "provider": "provider[\"registry.terraform.io/hashicorp/azurerm\"]",
      "instances": [
        {
          "schema_version": 0,
          "attributes": {
            "address_prefixes": [
              "10.0.124.0/27"
            ],
            "delegation": [
              {
                "name": "name-delegation",
                "service_delegation": [
                  {
                    "actions": [
                      "Microsoft.Network/virtualNetworks/subnets/join/action"
                    ],
                    "name": "Microsoft.ContainerService/managedClusters"
                  }
                ]
              }
            ],
            "enforce_private_link_endpoint_network_policies": false,
            "enforce_private_link_service_network_policies": false,
            "id": "/subscriptions/b5d3c617-3046-430c-98e3-2582f594fcaf/resourceGroups/aks-rg/providers/Microsoft.Network/virtualNetworks/aks-vnet/subnets/aks-node-subnet-1",
            "name": "aks-node-subnet-1",
            "private_endpoint_network_policies_enabled": true,
            "private_link_service_network_policies_enabled": true,
            "resource_group_name": "aks-rg",
            "service_endpoint_policy_ids": null,
            "service_endpoints": null,
            "timeouts": null,
            "virtual_network_name": "aks-vnet"
          },
          "sensitive_attributes": [],
          "private": "eyJlMmJmYjczMC1lY2FhLTExZTYtOGY4OC0zNDM2M2JjN2M0YzAiOnsiY3JlYXRlIjoxODAwMDAwMDAwMDAwLCJkZWxldGUiOjE4MDAwMDAwMDAwMDAsInJlYWQiOjMwMDAwMDAwMDAwMCwidXBkYXRlIjoxODAwMDAwMDAwMDAwfX0=",
          "dependencies": [
            "azurerm_resource_group.aks_rg",
            "azurerm_virtual_network.aks_vnet"
          ]
        }
      ]
    },
    {
      "mode": "managed",
      "type": "azurerm_subnet",
      "name": "node_subnet_2",
      "provider": "provider[\"registry.terraform.io/hashicorp/azurerm\"]",
      "instances": [
        {
          "schema_version": 0,
          "attributes": {
            "address_prefixes": [
              "10.0.124.32/27"
            ],
            "delegation": [
              {
                "name": "name-delegation",
                "service_delegation": [
                  {
                    "actions": [
                      "Microsoft.Network/virtualNetworks/subnets/join/action"
                    ],
                    "name": "Microsoft.ContainerService/managedClusters"
                  }
                ]
              }
            ],
            "enforce_private_link_endpoint_network_policies": false,
            "enforce_private_link_service_network_policies": false,
            "id": "/subscriptions/b5d3c617-3046-430c-98e3-2582f594fcaf/resourceGroups/aks-rg/providers/Microsoft.Network/virtualNetworks/aks-vnet/subnets/aks-node-subnet-2",
            "name": "aks-node-subnet-2",
            "private_endpoint_network_policies_enabled": true,
            "private_link_service_network_policies_enabled": true,
            "resource_group_name": "aks-rg",
            "service_endpoint_policy_ids": null,
            "service_endpoints": null,
            "timeouts": null,
            "virtual_network_name": "aks-vnet"
          },
          "sensitive_attributes": [],
          "private": "eyJlMmJmYjczMC1lY2FhLTExZTYtOGY4OC0zNDM2M2JjN2M0YzAiOnsiY3JlYXRlIjoxODAwMDAwMDAwMDAwLCJkZWxldGUiOjE4MDAwMDAwMDAwMDAsInJlYWQiOjMwMDAwMDAwMDAwMCwidXBkYXRlIjoxODAwMDAwMDAwMDAwfX0=",
          "dependencies": [
            "azurerm_resource_group.aks_rg",
            "azurerm_virtual_network.aks_vnet"
          ]
        }
      ]
    },
    {
      "mode": "managed",
      "type": "azurerm_subnet",
      "name": "pod_subnet_1",
      "provider": "provider[\"registry.terraform.io/hashicorp/azurerm\"]",
      "instances": [
        {
          "schema_version": 0,
          "attributes": {
            "address_prefixes": [
              "10.0.132.0/22"
            ],
            "delegation": [
              {
                "name": "name-delegation",
                "service_delegation": [
                  {
                    "actions": [
                      "Microsoft.Network/virtualNetworks/subnets/join/action"
                    ],
                    "name": "Microsoft.ContainerService/managedClusters"
                  }
                ]
              }
            ],
            "enforce_private_link_endpoint_network_policies": false,
            "enforce_private_link_service_network_policies": false,
            "id": "/subscriptions/b5d3c617-3046-430c-98e3-2582f594fcaf/resourceGroups/aks-rg/providers/Microsoft.Network/virtualNetworks/aks-vnet/subnets/aks-pod-subnet-1",
            "name": "aks-pod-subnet-1",
            "private_endpoint_network_policies_enabled": true,
            "private_link_service_network_policies_enabled": true,
            "resource_group_name": "aks-rg",
            "service_endpoint_policy_ids": null,
            "service_endpoints": null,
            "timeouts": null,
            "virtual_network_name": "aks-vnet"
          },
          "sensitive_attributes": [],
          "private": "eyJlMmJmYjczMC1lY2FhLTExZTYtOGY4OC0zNDM2M2JjN2M0YzAiOnsiY3JlYXRlIjoxODAwMDAwMDAwMDAwLCJkZWxldGUiOjE4MDAwMDAwMDAwMDAsInJlYWQiOjMwMDAwMDAwMDAwMCwidXBkYXRlIjoxODAwMDAwMDAwMDAwfX0=",
          "dependencies": [
            "azurerm_resource_group.aks_rg",
            "azurerm_virtual_network.aks_vnet"
          ]
        }
      ]
    },
    {
      "mode": "managed",
      "type": "azurerm_subnet",
      "name": "pod_subnet_2",
      "provider": "provider[\"registry.terraform.io/hashicorp/azurerm\"]",
      "instances": [
        {
          "schema_version": 0,
          "attributes": {
            "address_prefixes": [
              "10.0.136.0/22"
            ],
            "delegation": [
              {
                "name": "name-delegation",
                "service_delegation": [
                  {
                    "actions": [
                      "Microsoft.Network/virtualNetworks/subnets/join/action"
                    ],
                    "name": "Microsoft.ContainerService/managedClusters"
                  }
                ]
              }
            ],
            "enforce_private_link_endpoint_network_policies": false,
            "enforce_private_link_service_network_policies": false,
            "id": "/subscriptions/b5d3c617-3046-430c-98e3-2582f594fcaf/resourceGroups/aks-rg/providers/Microsoft.Network/virtualNetworks/aks-vnet/subnets/aks-pod-subnet-2",
            "name": "aks-pod-subnet-2",
            "private_endpoint_network_policies_enabled": true,
            "private_link_service_network_policies_enabled": true,
            "resource_group_name": "aks-rg",
            "service_endpoint_policy_ids": null,
            "service_endpoints": null,
            "timeouts": null,
            "virtual_network_name": "aks-vnet"
          },
          "sensitive_attributes": [],
          "private": "eyJlMmJmYjczMC1lY2FhLTExZTYtOGY4OC0zNDM2M2JjN2M0YzAiOnsiY3JlYXRlIjoxODAwMDAwMDAwMDAwLCJkZWxldGUiOjE4MDAwMDAwMDAwMDAsInJlYWQiOjMwMDAwMDAwMDAwMCwidXBkYXRlIjoxODAwMDAwMDAwMDAwfX0=",
          "dependencies": [
            "azurerm_resource_group.aks_rg",
            "azurerm_virtual_network.aks_vnet"
          ]
        }
      ]
    },
    {
      "mode": "managed",
      "type": "azurerm_subnet_network_security_group_association",
      "name": "aks_firewall_subnet_nsg_association",
      "provider": "provider[\"registry.terraform.io/hashicorp/azurerm\"]",
      "instances": [
        {
          "schema_version": 0,
          "attributes": {
            "id": "/subscriptions/b5d3c617-3046-430c-98e3-2582f594fcaf/resourceGroups/aks-rg/providers/Microsoft.Network/virtualNetworks/aks-vnet/subnets/aks-firewall-subnet",
            "network_security_group_id": "/subscriptions/b5d3c617-3046-430c-98e3-2582f594fcaf/resourceGroups/aks-rg/providers/Microsoft.Network/networkSecurityGroups/aks-nsg",
            "subnet_id": "/subscriptions/b5d3c617-3046-430c-98e3-2582f594fcaf/resourceGroups/aks-rg/providers/Microsoft.Network/virtualNetworks/aks-vnet/subnets/aks-firewall-subnet",
            "timeouts": null
          },
          "sensitive_attributes": [],
          "private": "eyJlMmJmYjczMC1lY2FhLTExZTYtOGY4OC0zNDM2M2JjN2M0YzAiOnsiY3JlYXRlIjoxODAwMDAwMDAwMDAwLCJkZWxldGUiOjE4MDAwMDAwMDAwMDAsInJlYWQiOjMwMDAwMDAwMDAwMCwidXBkYXRlIjoxODAwMDAwMDAwMDAwfX0=",
          "dependencies": [
            "azurerm_network_security_group.aks_nsg",
            "azurerm_resource_group.aks_rg",
            "azurerm_subnet.aks_firewall_subnet",
            "azurerm_virtual_network.aks_vnet"
          ]
        }
      ]
    },
    {
      "mode": "managed",
      "type": "azurerm_subnet_network_security_group_association",
      "name": "backend_service_subnet_nsg_association",
      "provider": "provider[\"registry.terraform.io/hashicorp/azurerm\"]",
      "instances": [
        {
          "schema_version": 0,
          "attributes": {
            "id": "/subscriptions/b5d3c617-3046-430c-98e3-2582f594fcaf/resourceGroups/aks-rg/providers/Microsoft.Network/virtualNetworks/aks-vnet/subnets/aks-backend-service-subnet",
            "network_security_group_id": "/subscriptions/b5d3c617-3046-430c-98e3-2582f594fcaf/resourceGroups/aks-rg/providers/Microsoft.Network/networkSecurityGroups/aks-nsg",
            "subnet_id": "/subscriptions/b5d3c617-3046-430c-98e3-2582f594fcaf/resourceGroups/aks-rg/providers/Microsoft.Network/virtualNetworks/aks-vnet/subnets/aks-backend-service-subnet",
            "timeouts": null
          },
          "sensitive_attributes": [],
          "private": "eyJlMmJmYjczMC1lY2FhLTExZTYtOGY4OC0zNDM2M2JjN2M0YzAiOnsiY3JlYXRlIjoxODAwMDAwMDAwMDAwLCJkZWxldGUiOjE4MDAwMDAwMDAwMDAsInJlYWQiOjMwMDAwMDAwMDAwMCwidXBkYXRlIjoxODAwMDAwMDAwMDAwfX0=",
          "dependencies": [
            "azurerm_network_security_group.aks_nsg",
            "azurerm_resource_group.aks_rg",
            "azurerm_subnet.backend_service_subnet",
            "azurerm_virtual_network.aks_vnet"
          ]
        }
      ]
    },
    {
      "mode": "managed",
      "type": "azurerm_subnet_network_security_group_association",
      "name": "node_subnet_1_nsg_association",
      "provider": "provider[\"registry.terraform.io/hashicorp/azurerm\"]",
      "instances": [
        {
          "schema_version": 0,
          "attributes": {
            "id": "/subscriptions/b5d3c617-3046-430c-98e3-2582f594fcaf/resourceGroups/aks-rg/providers/Microsoft.Network/virtualNetworks/aks-vnet/subnets/aks-node-subnet-1",
            "network_security_group_id": "/subscriptions/b5d3c617-3046-430c-98e3-2582f594fcaf/resourceGroups/aks-rg/providers/Microsoft.Network/networkSecurityGroups/aks-nsg",
            "subnet_id": "/subscriptions/b5d3c617-3046-430c-98e3-2582f594fcaf/resourceGroups/aks-rg/providers/Microsoft.Network/virtualNetworks/aks-vnet/subnets/aks-node-subnet-1",
            "timeouts": null
          },
          "sensitive_attributes": [],
          "private": "eyJlMmJmYjczMC1lY2FhLTExZTYtOGY4OC0zNDM2M2JjN2M0YzAiOnsiY3JlYXRlIjoxODAwMDAwMDAwMDAwLCJkZWxldGUiOjE4MDAwMDAwMDAwMDAsInJlYWQiOjMwMDAwMDAwMDAwMCwidXBkYXRlIjoxODAwMDAwMDAwMDAwfX0=",
          "dependencies": [
            "azurerm_network_security_group.aks_nsg",
            "azurerm_resource_group.aks_rg",
            "azurerm_subnet.node_subnet_1",
            "azurerm_virtual_network.aks_vnet"
          ]
        }
      ]
    },
    {
      "mode": "managed",
      "type": "azurerm_subnet_network_security_group_association",
      "name": "node_subnet_2_nsg_association",
      "provider": "provider[\"registry.terraform.io/hashicorp/azurerm\"]",
      "instances": [
        {
          "schema_version": 0,
          "attributes": {
            "id": "/subscriptions/b5d3c617-3046-430c-98e3-2582f594fcaf/resourceGroups/aks-rg/providers/Microsoft.Network/virtualNetworks/aks-vnet/subnets/aks-node-subnet-2",
            "network_security_group_id": "/subscriptions/b5d3c617-3046-430c-98e3-2582f594fcaf/resourceGroups/aks-rg/providers/Microsoft.Network/networkSecurityGroups/aks-nsg",
            "subnet_id": "/subscriptions/b5d3c617-3046-430c-98e3-2582f594fcaf/resourceGroups/aks-rg/providers/Microsoft.Network/virtualNetworks/aks-vnet/subnets/aks-node-subnet-2",
            "timeouts": null
          },
          "sensitive_attributes": [],
          "private": "eyJlMmJmYjczMC1lY2FhLTExZTYtOGY4OC0zNDM2M2JjN2M0YzAiOnsiY3JlYXRlIjoxODAwMDAwMDAwMDAwLCJkZWxldGUiOjE4MDAwMDAwMDAwMDAsInJlYWQiOjMwMDAwMDAwMDAwMCwidXBkYXRlIjoxODAwMDAwMDAwMDAwfX0=",
          "dependencies": [
            "azurerm_network_security_group.aks_nsg",
            "azurerm_resource_group.aks_rg",
            "azurerm_subnet.node_subnet_2",
            "azurerm_virtual_network.aks_vnet"
          ]
        }
      ]
    },
    {
      "mode": "managed",
      "type": "azurerm_subnet_network_security_group_association",
      "name": "pod_subnet_1_nsg_association",
      "provider": "provider[\"registry.terraform.io/hashicorp/azurerm\"]",
      "instances": [
        {
          "schema_version": 0,
          "attributes": {
            "id": "/subscriptions/b5d3c617-3046-430c-98e3-2582f594fcaf/resourceGroups/aks-rg/providers/Microsoft.Network/virtualNetworks/aks-vnet/subnets/aks-pod-subnet-1",
            "network_security_group_id": "/subscriptions/b5d3c617-3046-430c-98e3-2582f594fcaf/resourceGroups/aks-rg/providers/Microsoft.Network/networkSecurityGroups/aks-nsg",
            "subnet_id": "/subscriptions/b5d3c617-3046-430c-98e3-2582f594fcaf/resourceGroups/aks-rg/providers/Microsoft.Network/virtualNetworks/aks-vnet/subnets/aks-pod-subnet-1",
            "timeouts": null
          },
          "sensitive_attributes": [],
          "private": "eyJlMmJmYjczMC1lY2FhLTExZTYtOGY4OC0zNDM2M2JjN2M0YzAiOnsiY3JlYXRlIjoxODAwMDAwMDAwMDAwLCJkZWxldGUiOjE4MDAwMDAwMDAwMDAsInJlYWQiOjMwMDAwMDAwMDAwMCwidXBkYXRlIjoxODAwMDAwMDAwMDAwfX0=",
          "dependencies": [
            "azurerm_network_security_group.aks_nsg",
            "azurerm_resource_group.aks_rg",
            "azurerm_subnet.pod_subnet_1",
            "azurerm_virtual_network.aks_vnet"
          ]
        }
      ]
    },
    {
      "mode": "managed",
      "type": "azurerm_subnet_network_security_group_association",
      "name": "pod_subnet_2_nsg_association",
      "provider": "provider[\"registry.terraform.io/hashicorp/azurerm\"]",
      "instances": [
        {
          "schema_version": 0,
          "attributes": {
            "id": "/subscriptions/b5d3c617-3046-430c-98e3-2582f594fcaf/resourceGroups/aks-rg/providers/Microsoft.Network/virtualNetworks/aks-vnet/subnets/aks-pod-subnet-2",
            "network_security_group_id": "/subscriptions/b5d3c617-3046-430c-98e3-2582f594fcaf/resourceGroups/aks-rg/providers/Microsoft.Network/networkSecurityGroups/aks-nsg",
            "subnet_id": "/subscriptions/b5d3c617-3046-430c-98e3-2582f594fcaf/resourceGroups/aks-rg/providers/Microsoft.Network/virtualNetworks/aks-vnet/subnets/aks-pod-subnet-2",
            "timeouts": null
          },
          "sensitive_attributes": [],
          "private": "eyJlMmJmYjczMC1lY2FhLTExZTYtOGY4OC0zNDM2M2JjN2M0YzAiOnsiY3JlYXRlIjoxODAwMDAwMDAwMDAwLCJkZWxldGUiOjE4MDAwMDAwMDAwMDAsInJlYWQiOjMwMDAwMDAwMDAwMCwidXBkYXRlIjoxODAwMDAwMDAwMDAwfX0=",
          "dependencies": [
            "azurerm_network_security_group.aks_nsg",
            "azurerm_resource_group.aks_rg",
            "azurerm_subnet.pod_subnet_2",
            "azurerm_virtual_network.aks_vnet"
          ]
        }
      ]
    },
    {
      "mode": "managed",
      "type": "azurerm_user_assigned_identity",
      "name": "aks_cluster_identity",
      "provider": "provider[\"registry.terraform.io/hashicorp/azurerm\"]",
      "instances": [
        {
          "schema_version": 1,
          "attributes": {
            "client_id": "711d925f-670f-417b-9cc9-8f316e127660",
            "id": "/subscriptions/b5d3c617-3046-430c-98e3-2582f594fcaf/resourceGroups/aks-rg/providers/Microsoft.ManagedIdentity/userAssignedIdentities/aks-cluster-identity",
            "location": "eastus",
            "name": "aks-cluster-identity",
            "principal_id": "677ff2d6-e96b-4f6a-b28c-430b385bb899",
            "resource_group_name": "aks-rg",
            "tags": null,
            "tenant_id": "c37b6f9c-d883-4a18-82ee-6681f9676b5f",
            "timeouts": null
          },
          "sensitive_attributes": [],
          "private": "eyJlMmJmYjczMC1lY2FhLTExZTYtOGY4OC0zNDM2M2JjN2M0YzAiOnsiY3JlYXRlIjoxODAwMDAwMDAwMDAwLCJkZWxldGUiOjE4MDAwMDAwMDAwMDAsInJlYWQiOjMwMDAwMDAwMDAwMCwidXBkYXRlIjoxODAwMDAwMDAwMDAwfSwic2NoZW1hX3ZlcnNpb24iOiIxIn0=",
          "dependencies": [
            "azurerm_resource_group.aks_rg"
          ]
        }
      ]
    },
    {
      "mode": "managed",
      "type": "azurerm_virtual_network",
      "name": "aks_vnet",
      "provider": "provider[\"registry.terraform.io/hashicorp/azurerm\"]",
      "instances": [
        {
          "schema_version": 0,
          "attributes": {
            "address_space": [
              "10.0.0.0/16"
            ],
            "bgp_community": "",
            "ddos_protection_plan": [],
            "dns_servers": [],
            "edge_zone": "",
            "flow_timeout_in_minutes": 0,
            "guid": "db4b4c90-b426-4b5e-b36f-63968b327d4f",
            "id": "/subscriptions/b5d3c617-3046-430c-98e3-2582f594fcaf/resourceGroups/aks-rg/providers/Microsoft.Network/virtualNetworks/aks-vnet",
            "location": "eastus",
            "name": "aks-vnet",
            "resource_group_name": "aks-rg",
            "subnet": [],
            "tags": null,
            "timeouts": null
          },
          "sensitive_attributes": [],
          "private": "eyJlMmJmYjczMC1lY2FhLTExZTYtOGY4OC0zNDM2M2JjN2M0YzAiOnsiY3JlYXRlIjoxODAwMDAwMDAwMDAwLCJkZWxldGUiOjE4MDAwMDAwMDAwMDAsInJlYWQiOjMwMDAwMDAwMDAwMCwidXBkYXRlIjoxODAwMDAwMDAwMDAwfX0=",
          "dependencies": [
            "azurerm_resource_group.aks_rg"
          ]
        }
      ]
    }
  ],
  "check_results": null
}
